{
  "requires": true,
  "lockfileVersion": 1,
  "dependencies": {
    "vue-ele-upload-video": {
      "version": "2.0.5",
      "resolved": "https://registry.npm.taobao.org/vue-ele-upload-video/download/vue-ele-upload-video-2.0.5.tgz",
      "integrity": "sha1-1FBD8Ur6OHheNKiEv+PGy1GQqsI=",
      "requires": {
        "vue-hover-mask": "^1.0.0"
      }
    },
    "vue-hover-mask": {
      "version": "1.0.0",
      "resolved": "https://registry.npm.taobao.org/vue-hover-mask/download/vue-hover-mask-1.0.0.tgz",
      "integrity": "sha1-x68ntkhrB8G+K5CRnHbe7RdW1uo="
    }
  }
}
